Microsoft Visual Studio Solution File, Format Version 12.00
# Visual Studio Version 16
VisualStudioVersion = 16.0.29123.88
MinimumVisualStudioVersion = 10.0.40219.1
Project("{2150E333-8FDC-42A3-9474-1A3956D46DE8}") = "source", "source", "{E424B1D1-BF95-4241-97C3-7519D843EE19}"
EndProject
Project("{9A19103F-16F7-4668-BE54-9A1E7A4F7556}") = "IrcDotNet", "source\IrcDotNet\IrcDotNet.csproj", "{16C78B4C-E12E-4DC1-80BD-DB5AE257A1C3}"
EndProject
Project("{2150E333-8FDC-42A3-9474-1A3956D46DE8}") = "test", "test", "{7917C5C1-A606-45B9-A791-159D94904D45}"
EndProject
Project("{9A19103F-16F7-4668-BE54-9A1E7A4F7556}") = "IrcDotNet.Test", "test\IrcDotNet.Test\IrcDotNet.Test.csproj", "{E7F4F8A2-C7A7-4C01-A412-1E428F51B692}"
EndProject
Project("{2150E333-8FDC-42A3-9474-1A3956D46DE8}") = "samples", "samples", "{58B13A53-06DB-443D-8919-2EFD23F425E4}"
	ProjectSection(SolutionItems) = preProject
		samples\README.md = samples\README.md
	EndProjectSection
EndProject
Project("{9A19103F-16F7-4668-BE54-9A1E7A4F7556}") = "IrcDotNet.Samples.Common", "samples\IrcDotNet.Samples.Common\IrcDotNet.Samples.Common.csproj", "{79D383D5-AF2A-4D3A-991C-D1588C0E220D}"
EndProject
Project("{9A19103F-16F7-4668-BE54-9A1E7A4F7556}") = "IrcDotNet.Samples.TwitchChat", "samples\IrcDotNet.Samples.TwitchChat\IrcDotNet.Samples.TwitchChat.csproj", "{2C2D7884-8BAB-488D-A491-F1F0D9139EB7}"
EndProject
Project("{9A19103F-16F7-4668-BE54-9A1E7A4F7556}") = "IrcDotNet.Samples.MarkovTextBot", "samples\IrcDotNet.Samples.MarkovTextBot\IrcDotNet.Samples.MarkovTextBot.csproj", "{2AA0268A-D069-4A5F-976A-2CC959214800}"
EndProject
Project("{2150E333-8FDC-42A3-9474-1A3956D46DE8}") = "Solution Items", "Solution Items", "{1F8EDE90-50A7-40B3-9D57-A50123DE7FE2}"
	ProjectSection(SolutionItems) = preProject
		.editorconfig = .editorconfig
	EndProjectSection
EndProject
Global
	GlobalSection(SolutionConfigurationPlatforms) = preSolution
		Debug|Any CPU = Debug|Any CPU
		Debug|x64 = Debug|x64
		Debug|x86 = Debug|x86
		Release|Any CPU = Release|Any CPU
		Release|x64 = Release|x64
		Release|x86 = Release|x86
	EndGlobalSection
	GlobalSection(ProjectConfigurationPlatforms) = postSolution
		{16C78B4C-E12E-4DC1-80BD-DB5AE257A1C3}.Debug|Any CPU.ActiveCfg = Debug|Any CPU
		{16C78B4C-E12E-4DC1-80BD-DB5AE257A1C3}.Debug|Any CPU.Build.0 = Debug|Any CPU
		{16C78B4C-E12E-4DC1-80BD-DB5AE257A1C3}.Debug|x64.ActiveCfg = Debug|Any CPU
		{16C78B4C-E12E-4DC1-80BD-DB5AE257A1C3}.Debug|x64.Build.0 = Debug|Any CPU
		{16C78B4C-E12E-4DC1-80BD-DB5AE257A1C3}.Debug|x86.ActiveCfg = Debug|Any CPU
		{16C78B4C-E12E-4DC1-80BD-DB5AE257A1C3}.Debug|x86.Build.0 = Debug|Any CPU
		{16C78B4C-E12E-4DC1-80BD-DB5AE257A1C3}.Release|Any CPU.ActiveCfg = Release|Any CPU
		{16C78B4C-E12E-4DC1-80BD-DB5AE257A1C3}.Release|Any CPU.Build.0 = Release|Any CPU
		{16C78B4C-E12E-4DC1-80BD-DB5AE257A1C3}.Release|x64.ActiveCfg = Release|Any CPU
		{16C78B4C-E12E-4DC1-80BD-DB5AE257A1C3}.Release|x64.Build.0 = Release|Any CPU
		{16C78B4C-E12E-4DC1-80BD-DB5AE257A1C3}.Release|x86.ActiveCfg = Release|Any CPU
		{16C78B4C-E12E-4DC1-80BD-DB5AE257A1C3}.Release|x86.Build.0 = Release|Any CPU
		{E7F4F8A2-C7A7-4C01-A412-1E428F51B692}.Debug|Any CPU.ActiveCfg = Debug|Any CPU
		{E7F4F8A2-C7A7-4C01-A412-1E428F51B692}.Debug|Any CPU.Build.0 = Debug|Any CPU
		{E7F4F8A2-C7A7-4C01-A412-1E428F51B692}.Debug|x64.ActiveCfg = Debug|Any CPU
		{E7F4F8A2-C7A7-4C01-A412-1E428F51B692}.Debug|x64.Build.0 = Debug|Any CPU
		{E7F4F8A2-C7A7-4C01-A412-1E428F51B692}.Debug|x86.ActiveCfg = Debug|Any CPU
		{E7F4F8A2-C7A7-4C01-A412-1E428F51B692}.Debug|x86.Build.0 = Debug|Any CPU
		{E7F4F8A2-C7A7-4C01-A412-1E428F51B692}.Release|Any CPU.ActiveCfg = Release|Any CPU
		{E7F4F8A2-C7A7-4C01-A412-1E428F51B692}.Release|Any CPU.Build.0 = Release|Any CPU
		{E7F4F8A2-C7A7-4C01-A412-1E428F51B692}.Release|x64.ActiveCfg = Release|Any CPU
		{E7F4F8A2-C7A7-4C01-A412-1E428F51B692}.Release|x64.Build.0 = Release|Any CPU
		{E7F4F8A2-C7A7-4C01-A412-1E428F51B692}.Release|x86.ActiveCfg = Release|Any CPU
		{E7F4F8A2-C7A7-4C01-A412-1E428F51B692}.Release|x86.Build.0 = Release|Any CPU
		{79D383D5-AF2A-4D3A-991C-D1588C0E220D}.Debug|Any CPU.ActiveCfg = Debug|Any CPU
		{79D383D5-AF2A-4D3A-991C-D1588C0E220D}.Debug|Any CPU.Build.0 = Debug|Any CPU
		{79D383D5-AF2A-4D3A-991C-D1588C0E220D}.Debug|x64.ActiveCfg = Debug|Any CPU
		{79D383D5-AF2A-4D3A-991C-D1588C0E220D}.Debug|x64.Build.0 = Debug|Any CPU
		{79D383D5-AF2A-4D3A-991C-D1588C0E220D}.Debug|x86.ActiveCfg = Debug|Any CPU
		{79D383D5-AF2A-4D3A-991C-D1588C0E220D}.Debug|x86.Build.0 = Debug|Any CPU
		{79D383D5-AF2A-4D3A-991C-D1588C0E220D}.Release|Any CPU.ActiveCfg = Release|Any CPU
		{79D383D5-AF2A-4D3A-991C-D1588C0E220D}.Release|Any CPU.Build.0 = Release|Any CPU
		{79D383D5-AF2A-4D3A-991C-D1588C0E220D}.Release|x64.ActiveCfg = Release|Any CPU
		{79D383D5-AF2A-4D3A-991C-D1588C0E220D}.Release|x64.Build.0 = Release|Any CPU
		{79D383D5-AF2A-4D3A-991C-D1588C0E220D}.Release|x86.ActiveCfg = Release|Any CPU
		{79D383D5-AF2A-4D3A-991C-D1588C0E220D}.Release|x86.Build.0 = Release|Any CPU
		{2C2D7884-8BAB-488D-A491-F1F0D9139EB7}.Debug|Any CPU.ActiveCfg = Debug|Any CPU
		{2C2D7884-8BAB-488D-A491-F1F0D9139EB7}.Debug|Any CPU.Build.0 = Debug|Any CPU
		{2C2D7884-8BAB-488D-A491-F1F0D9139EB7}.Debug|x64.ActiveCfg = Debug|Any CPU
		{2C2D7884-8BAB-488D-A491-F1F0D9139EB7}.Debug|x64.Build.0 = Debug|Any CPU
		{2C2D7884-8BAB-488D-A491-F1F0D9139EB7}.Debug|x86.ActiveCfg = Debug|Any CPU
		{2C2D7884-8BAB-488D-A491-F1F0D9139EB7}.Debug|x86.Build.0 = Debug|Any CPU
		{2C2D7884-8BAB-488D-A491-F1F0D9139EB7}.Release|Any CPU.ActiveCfg = Release|Any CPU
		{2C2D7884-8BAB-488D-A491-F1F0D9139EB7}.Release|Any CPU.Build.0 = Release|Any CPU
		{2C2D7884-8BAB-488D-A491-F1F0D9139EB7}.Release|x64.ActiveCfg = Release|Any CPU
		{2C2D7884-8BAB-488D-A491-F1F0D9139EB7}.Release|x64.Build.0 = Release|Any CPU
		{2C2D7884-8BAB-488D-A491-F1F0D9139EB7}.Release|x86.ActiveCfg = Release|Any CPU
		{2C2D7884-8BAB-488D-A491-F1F0D9139EB7}.Release|x86.Build.0 = Release|Any CPU
		{2AA0268A-D069-4A5F-976A-2CC959214800}.Debug|Any CPU.ActiveCfg = Debug|Any CPU
		{2AA0268A-D069-4A5F-976A-2CC959214800}.Debug|Any CPU.Build.0 = Debug|Any CPU
		{2AA0268A-D069-4A5F-976A-2CC959214800}.Debug|x64.ActiveCfg = Debug|Any CPU
		{2AA0268A-D069-4A5F-976A-2CC959214800}.Debug|x64.Build.0 = Debug|Any CPU
		{2AA0268A-D069-4A5F-976A-2CC959214800}.Debug|x86.ActiveCfg = Debug|Any CPU
		{2AA0268A-D069-4A5F-976A-2CC959214800}.Debug|x86.Build.0 = Debug|Any CPU
		{2AA0268A-D069-4A5F-976A-2CC959214800}.Release|Any CPU.ActiveCfg = Release|Any CPU
		{2AA0268A-D069-4A5F-976A-2CC959214800}.Release|Any CPU.Build.0 = Release|Any CPU
		{2AA0268A-D069-4A5F-976A-2CC959214800}.Release|x64.ActiveCfg = Release|Any CPU
		{2AA0268A-D069-4A5F-976A-2CC959214800}.Release|x64.Build.0 = Release|Any CPU
		{2AA0268A-D069-4A5F-976A-2CC959214800}.Release|x86.ActiveCfg = Release|Any CPU
		{2AA0268A-D069-4A5F-976A-2CC959214800}.Release|x86.Build.0 = Release|Any CPU
	EndGlobalSection
	GlobalSection(SolutionProperties) = preSolution
		HideSolutionNode = FALSE
	EndGlobalSection
	GlobalSection(NestedProjects) = preSolution
		{16C78B4C-E12E-4DC1-80BD-DB5AE257A1C3} = {E424B1D1-BF95-4241-97C3-7519D843EE19}
		{E7F4F8A2-C7A7-4C01-A412-1E428F51B692} = {7917C5C1-A606-45B9-A791-159D94904D45}
		{79D383D5-AF2A-4D3A-991C-D1588C0E220D} = {58B13A53-06DB-443D-8919-2EFD23F425E4}
		{2C2D7884-8BAB-488D-A491-F1F0D9139EB7} = {58B13A53-06DB-443D-8919-2EFD23F425E4}
		{2AA0268A-D069-4A5F-976A-2CC959214800} = {58B13A53-06DB-443D-8919-2EFD23F425E4}
	EndGlobalSection
	GlobalSection(ExtensibilityGlobals) = postSolution
		SolutionGuid = {00B70B5E-00F5-4012-B94A-A418BFCAB386}
	EndGlobalSection
EndGlobal
