
Microsoft Visual Studio Solution File, Format Version 11.00
# Visual Studio 2010
Project("{FAE04EC0-301F-11D3-BF4B-00C04F79EFBC}") = "IrcDotNet", "IrcDotNet\IrcDotNet.csproj", "{47D551DA-96ED-4EF6-96BF-4832059D4700}"
EndProject
Project("{2150E333-8FDC-42A3-9474-1A3956D46DE8}") = "Project", "Project", "{4C04B011-7998-4549-A3B5-E57AAF5A2966}"
	ProjectSection(SolutionItems) = preProject
		..\AUTHORS.md = ..\AUTHORS.md
		..\LICENSE.md = ..\LICENSE.md
		..\README.md = ..\README.md
	EndProjectSection
EndProject
Project("{FAE04EC0-301F-11D3-BF4B-00C04F79EFBC}") = "IrcDotNet.Tests", "IrcDotNet.Tests\IrcDotNet.Tests.csproj", "{0F93F768-3B81-499C-AF1B-7977254FA9ED}"
EndProject
Project("{2150E333-8FDC-42A3-9474-1A3956D46DE8}") = "Solution Items", "Solution Items", "{3E6A3748-68FD-42DD-A12E-9C275C08EF44}"
	ProjectSection(SolutionItems) = preProject
		IrcDotNet.vsmdi = IrcDotNet.vsmdi
		Local.testsettings = Local.testsettings
		TraceAndTestImpact.testsettings = TraceAndTestImpact.testsettings
	EndProjectSection
EndProject
Project("{FAE04EC0-301F-11D3-BF4B-00C04F79EFBC}") = "IrcDotNet-Silverlight", "IrcDotNet\IrcDotNet-Silverlight.csproj", "{F98CBDD3-4370-4775-BBB3-06EBEBC8AB3F}"
EndProject
Global
	GlobalSection(TestCaseManagementSettings) = postSolution
		CategoryFile = IrcDotNet.vsmdi
	EndGlobalSection
	GlobalSection(SolutionConfigurationPlatforms) = preSolution
		Debug|Any CPU = Debug|Any CPU
		Release|Any CPU = Release|Any CPU
	EndGlobalSection
	GlobalSection(ProjectConfigurationPlatforms) = postSolution
		{47D551DA-96ED-4EF6-96BF-4832059D4700}.Debug|Any CPU.ActiveCfg = Debug|Any CPU
		{47D551DA-96ED-4EF6-96BF-4832059D4700}.Debug|Any CPU.Build.0 = Debug|Any CPU
		{47D551DA-96ED-4EF6-96BF-4832059D4700}.Release|Any CPU.ActiveCfg = Release|Any CPU
		{47D551DA-96ED-4EF6-96BF-4832059D4700}.Release|Any CPU.Build.0 = Release|Any CPU
		{0F93F768-3B81-499C-AF1B-7977254FA9ED}.Debug|Any CPU.ActiveCfg = Debug|Any CPU
		{0F93F768-3B81-499C-AF1B-7977254FA9ED}.Debug|Any CPU.Build.0 = Debug|Any CPU
		{0F93F768-3B81-499C-AF1B-7977254FA9ED}.Release|Any CPU.ActiveCfg = Release|Any CPU
		{0F93F768-3B81-499C-AF1B-7977254FA9ED}.Release|Any CPU.Build.0 = Release|Any CPU
		{F98CBDD3-4370-4775-BBB3-06EBEBC8AB3F}.Debug|Any CPU.ActiveCfg = Debug|Any CPU
		{F98CBDD3-4370-4775-BBB3-06EBEBC8AB3F}.Debug|Any CPU.Build.0 = Debug|Any CPU
		{F98CBDD3-4370-4775-BBB3-06EBEBC8AB3F}.Release|Any CPU.ActiveCfg = Release|Any CPU
		{F98CBDD3-4370-4775-BBB3-06EBEBC8AB3F}.Release|Any CPU.Build.0 = Release|Any CPU
	EndGlobalSection
	GlobalSection(SolutionProperties) = preSolution
		HideSolutionNode = FALSE
	EndGlobalSection
EndGlobal
