
Microsoft Visual Studio Solution File, Format Version 11.00
# Visual Studio 2010
Project("{FAE04EC0-301F-11D3-BF4B-00C04F79EFBC}") = "IrcDotNet-Silverlight", "IrcDotNet\IrcDotNet-Silverlight.csproj", "{F98CBDD3-4370-4775-BBB3-06EBEBC8AB3F}"
EndProject
Project("{FAE04EC0-301F-11D3-BF4B-00C04F79EFBC}") = "IrcDotNet.Common-Silverlight", "IrcDotNet.Common\IrcDotNet.Common-Silverlight.csproj", "{A54FBE9A-C68B-4183-AA6E-E9972EF61B2F}"
EndProject
Project("{2150E333-8FDC-42A3-9474-1A3956D46DE8}") = "Project", "Project", "{F5BA366C-4EE1-402A-BFF0-860F8E0B48B0}"
	ProjectSection(SolutionItems) = preProject
		..\AUTHORS.txt = ..\AUTHORS.txt
		..\LICENSE.txt = ..\LICENSE.txt
		..\README.txt = ..\README.txt
	EndProjectSection
EndProject
Global
	GlobalSection(SolutionConfigurationPlatforms) = preSolution
		Debug|Any CPU = Debug|Any CPU
		Release|Any CPU = Release|Any CPU
	EndGlobalSection
	GlobalSection(ProjectConfigurationPlatforms) = postSolution
		{F98CBDD3-4370-4775-BBB3-06EBEBC8AB3F}.Debug|Any CPU.ActiveCfg = Debug|Any CPU
		{F98CBDD3-4370-4775-BBB3-06EBEBC8AB3F}.Debug|Any CPU.Build.0 = Debug|Any CPU
		{F98CBDD3-4370-4775-BBB3-06EBEBC8AB3F}.Release|Any CPU.ActiveCfg = Release|Any CPU
		{F98CBDD3-4370-4775-BBB3-06EBEBC8AB3F}.Release|Any CPU.Build.0 = Release|Any CPU
		{A54FBE9A-C68B-4183-AA6E-E9972EF61B2F}.Debug|Any CPU.ActiveCfg = Debug|Any CPU
		{A54FBE9A-C68B-4183-AA6E-E9972EF61B2F}.Debug|Any CPU.Build.0 = Debug|Any CPU
		{A54FBE9A-C68B-4183-AA6E-E9972EF61B2F}.Release|Any CPU.ActiveCfg = Release|Any CPU
		{A54FBE9A-C68B-4183-AA6E-E9972EF61B2F}.Release|Any CPU.Build.0 = Release|Any CPU
	EndGlobalSection
	GlobalSection(SolutionProperties) = preSolution
		HideSolutionNode = FALSE
	EndGlobalSection
EndGlobal
