
Microsoft Visual Studio Solution File, Format Version 12.00
# Visual Studio 2013
VisualStudioVersion = 12.0.31101.0
MinimumVisualStudioVersion = 10.0.40219.1
Project("{FAE04EC0-301F-11D3-BF4B-00C04F79EFBC}") = "IrcDotNet", "source\IrcDotNet\IrcDotNet.csproj", "{47D551DA-96ED-4EF6-96BF-4832059D4700}"
EndProject
Project("{2150E333-8FDC-42A3-9474-1A3956D46DE8}") = "project_root", "project_root", "{4C04B011-7998-4549-A3B5-E57AAF5A2966}"
	ProjectSection(SolutionItems) = preProject
		..\.gitignore = ..\.gitignore
		..\.travis.yml = ..\.travis.yml
		..\appveyor.yml = ..\appveyor.yml
		..\AUTHORS.md = ..\AUTHORS.md
		..\build.cmd = ..\build.cmd
		..\build.fsx = ..\build.fsx
		..\build.sh = ..\build.sh
		..\buildConfig.fsx = ..\buildConfig.fsx
		..\downloadNuget.fsx = ..\downloadNuget.fsx
		..\generateDocs.fsx = ..\generateDocs.fsx
		..\LICENSE.md = ..\LICENSE.md
		..\packages.config = ..\packages.config
		..\README.md = ..\README.md
	EndProjectSection
EndProject
Project("{FAE04EC0-301F-11D3-BF4B-00C04F79EFBC}") = "Test.IrcDotNet", "test\Test.IrcDotNet\Test.IrcDotNet.csproj", "{0F93F768-3B81-499C-AF1B-7977254FA9ED}"
EndProject
Project("{2150E333-8FDC-42A3-9474-1A3956D46DE8}") = "doc", "doc", "{240ED267-B8AE-4A38-8FB7-A9376FA28A17}"
	ProjectSection(SolutionItems) = preProject
		..\doc\Contributing.md = ..\doc\Contributing.md
		..\doc\DevelopReadme.md = ..\doc\DevelopReadme.md
		..\doc\ReleaseNotes.md = ..\doc\ReleaseNotes.md
	EndProjectSection
EndProject
Project("{2150E333-8FDC-42A3-9474-1A3956D46DE8}") = "templates", "templates", "{73B2D27E-EE98-445A-87D8-871D15AC15E5}"
	ProjectSection(SolutionItems) = preProject
		..\doc\templates\docpage-index.cshtml = ..\doc\templates\docpage-index.cshtml
		..\doc\templates\docpage.cshtml = ..\doc\templates\docpage.cshtml
		..\doc\templates\template-color.tex = ..\doc\templates\template-color.tex
		..\doc\templates\template-math.tex = ..\doc\templates\template-math.tex
		..\doc\templates\template-project.html = ..\doc\templates\template-project.html
		..\doc\templates\template.cshtml = ..\doc\templates\template.cshtml
	EndProjectSection
EndProject
Project("{2150E333-8FDC-42A3-9474-1A3956D46DE8}") = "reference", "reference", "{7A915822-98C4-47E3-A3C6-9BD2E4FD9886}"
	ProjectSection(SolutionItems) = preProject
		..\doc\templates\reference\module.cshtml = ..\doc\templates\reference\module.cshtml
		..\doc\templates\reference\namespaces.cshtml = ..\doc\templates\reference\namespaces.cshtml
		..\doc\templates\reference\part-members.cshtml = ..\doc\templates\reference\part-members.cshtml
		..\doc\templates\reference\part-nested.cshtml = ..\doc\templates\reference\part-nested.cshtml
		..\doc\templates\reference\type.cshtml = ..\doc\templates\reference\type.cshtml
	EndProjectSection
EndProject
Project("{2150E333-8FDC-42A3-9474-1A3956D46DE8}") = "content", "content", "{36F2CC74-84CC-4CCD-B2E4-D510E71057FB}"
	ProjectSection(SolutionItems) = preProject
		..\doc\content\prism.css = ..\doc\content\prism.css
		..\doc\content\prism.js = ..\doc\content\prism.js
		..\doc\content\style.css = ..\doc\content\style.css
		..\doc\content\style.css.bak = ..\doc\content\style.css.bak
		..\doc\content\tips.js = ..\doc\content\tips.js
	EndProjectSection
EndProject
Project("{2150E333-8FDC-42A3-9474-1A3956D46DE8}") = "img", "img", "{74E37E7B-B460-4C6E-AF28-76F81ED333DA}"
	ProjectSection(SolutionItems) = preProject
		..\doc\content\img\back_to_top.png = ..\doc\content\img\back_to_top.png
		..\doc\content\img\github-blue.png = ..\doc\content\img\github-blue.png
		..\doc\content\img\github.png = ..\doc\content\img\github.png
	EndProjectSection
EndProject
Project("{2150E333-8FDC-42A3-9474-1A3956D46DE8}") = "nuget", "nuget", "{9A47C8E6-9866-4184-B68F-112E3D3AC1D6}"
	ProjectSection(SolutionItems) = preProject
		..\nuget\IrcDotNet.nuspec = ..\nuget\IrcDotNet.nuspec
		..\nuget\IrcDotNet.Sample.nuspec = ..\nuget\IrcDotNet.Sample.nuspec
	EndProjectSection
EndProject
Global
	GlobalSection(SolutionConfigurationPlatforms) = preSolution
		Debug|Any CPU = Debug|Any CPU
		Release|Any CPU = Release|Any CPU
	EndGlobalSection
	GlobalSection(ProjectConfigurationPlatforms) = postSolution
		{47D551DA-96ED-4EF6-96BF-4832059D4700}.Debug|Any CPU.ActiveCfg = Debug|Any CPU
		{47D551DA-96ED-4EF6-96BF-4832059D4700}.Debug|Any CPU.Build.0 = Debug|Any CPU
		{47D551DA-96ED-4EF6-96BF-4832059D4700}.Release|Any CPU.ActiveCfg = Release|Any CPU
		{47D551DA-96ED-4EF6-96BF-4832059D4700}.Release|Any CPU.Build.0 = Release|Any CPU
		{0F93F768-3B81-499C-AF1B-7977254FA9ED}.Debug|Any CPU.ActiveCfg = Debug|Any CPU
		{0F93F768-3B81-499C-AF1B-7977254FA9ED}.Debug|Any CPU.Build.0 = Debug|Any CPU
		{0F93F768-3B81-499C-AF1B-7977254FA9ED}.Release|Any CPU.ActiveCfg = Release|Any CPU
		{0F93F768-3B81-499C-AF1B-7977254FA9ED}.Release|Any CPU.Build.0 = Release|Any CPU
	EndGlobalSection
	GlobalSection(SolutionProperties) = preSolution
		HideSolutionNode = FALSE
	EndGlobalSection
	GlobalSection(NestedProjects) = preSolution
		{240ED267-B8AE-4A38-8FB7-A9376FA28A17} = {4C04B011-7998-4549-A3B5-E57AAF5A2966}
		{73B2D27E-EE98-445A-87D8-871D15AC15E5} = {240ED267-B8AE-4A38-8FB7-A9376FA28A17}
		{7A915822-98C4-47E3-A3C6-9BD2E4FD9886} = {73B2D27E-EE98-445A-87D8-871D15AC15E5}
		{36F2CC74-84CC-4CCD-B2E4-D510E71057FB} = {240ED267-B8AE-4A38-8FB7-A9376FA28A17}
		{74E37E7B-B460-4C6E-AF28-76F81ED333DA} = {36F2CC74-84CC-4CCD-B2E4-D510E71057FB}
		{9A47C8E6-9866-4184-B68F-112E3D3AC1D6} = {4C04B011-7998-4549-A3B5-E57AAF5A2966}
	EndGlobalSection
	GlobalSection(TestCaseManagementSettings) = postSolution
		CategoryFile = IrcDotNet.vsmdi
	EndGlobalSection
EndGlobal
